PODS:
  - SwiftCommonTools2 (0.0.5)

DEPENDENCIES:
  - SwiftCommonTools2 (from `../`)

EXTERNAL SOURCES:
  SwiftCommonTools2:
    :path: "../"

SPEC CHECKSUMS:
  SwiftCommonTools2: 2f4e452fd5849df9e6120562e36f02dc0832dd6a

PODFILE CHECKSUM: e27d8d2aa08b79aacfb936557cbc599cc86ce623

COCOAPODS: 1.8.3
